# THIS IS AN AUTOGENERATED FILE. DO NOT EDIT THIS FILE DIRECTLY.
# yarn lockfile v1


"@react-native-firebase/messaging@^24.1.1":
  version "24.1.1"
  resolved "https://registry.yarnpkg.com/@react-native-firebase/messaging/-/messaging-24.1.1.tgz#39f19af735ad53d2496b8a03249f6ad6bc0c9c76"
  integrity sha512-tMb75+4ehbQshlH+PifbxKbP+pyDgK/dfBIvlFJeDVEAbdaM2nVpMkVyV6s5WJ3WRPUt6v+hyU1P3krQPYhkig==
